# This file is autogenerated, do not edit; changes may be undone by the next 'dep ensure'.


[[projects]]
  digest = "1:ffe9824d294da03b391f44e1ae8281281b4afc1bdaa9588c9097785e3af10cec"
  name = "github.com/davecgh/go-spew"
  packages = ["spew"]
  pruneopts = "UT"
  revision = "8991bc29aa16c548c550c7ff78260e27b9ab7c73"
  version = "v1.1.1"

[[projects]]
  branch = "master"
  digest = "1:43f4a1099912dda67ea7e262126a82b45de9363deb67ae51da4b1f232ced6648"
  name = "github.com/erikdubbelboer/gspt"
  packages = ["."]
  pruneopts = "UT"
  revision = "e39e726e09cc23d1ccf13b36ce10dbdb4a4510e0"

[[projects]]
  branch = "master"
  digest = "1:1f251f2f217a800ef952995dac5fbe0615f4cacd0dc448a0dffd9176a09a3823"
  name = "github.com/kami-zh/go-capturer"
  packages = ["."]
  pruneopts = "UT"
  revision = "e492ea43421da7381e5200a2e22753bfc31347c2"

[[projects]]
  digest = "1:0028cb19b2e4c3112225cd871870f2d9cf49b9b4276531f03438a88e94be86fe"
  name = "github.com/pmezard/go-difflib"
  packages = ["difflib"]
  pruneopts = "UT"
  revision = "792786c7400a136282c1664665ae0a8db921c6c2"
  version = "v1.0.0"

[[projects]]
  digest = "1:18752d0b95816a1b777505a97f71c7467a8445b8ffb55631a7bf779f6ba4fa83"
  name = "github.com/stretchr/testify"
  packages = ["assert"]
  pruneopts = "UT"
  revision = "f35b8ab0b5a2cef36673838d662e249dd9c94686"
  version = "v1.2.2"

[solve-meta]
  analyzer-name = "dep"
  analyzer-version = 1
  input-imports = [
    "github.com/erikdubbelboer/gspt",
    "github.com/kami-zh/go-capturer",
    "github.com/stretchr/testify/assert",
  ]
  solver-name = "gps-cdcl"
  solver-version = 1
